
Microsoft Visual Studio Solution File, Format Version 12.00
# Visual Studio Version 16
VisualStudioVersion = 16.0.33328.57
MinimumVisualStudioVersion = 10.0.40219.1
Project("{FAE04EC0-301F-11D3-BF4B-00C04F79EFBC}") = "InfobridgeSolution_Task", "InfobridgeSolution_Task\InfobridgeSolution_Task.csproj", "{FCE01303-625B-458D-806B-6CA6B811D383}"
EndProject
Global
	GlobalSection(SolutionConfigurationPlatforms) = preSolution
		Debug|Any CPU = Debug|Any CPU
		Release|Any CPU = Release|Any CPU
	EndGlobalSection
	GlobalSection(ProjectConfigurationPlatforms) = postSolution
		{FCE01303-625B-458D-806B-6CA6B811D383}.Debug|Any CPU.ActiveCfg = Debug|Any CPU
		{FCE01303-625B-458D-806B-6CA6B811D383}.Debug|Any CPU.Build.0 = Debug|Any CPU
		{FCE01303-625B-458D-806B-6CA6B811D383}.Release|Any CPU.ActiveCfg = Release|Any CPU
		{FCE01303-625B-458D-806B-6CA6B811D383}.Release|Any CPU.Build.0 = Release|Any CPU
	EndGlobalSection
	GlobalSection(SolutionProperties) = preSolution
		HideSolutionNode = FALSE
	EndGlobalSection
	GlobalSection(ExtensibilityGlobals) = postSolution
		SolutionGuid = {E72C38E9-71B2-4401-B882-3B26A43E0322}
	EndGlobalSection
EndGlobal
